<?xml version="1.0" encoding="UTF-8"?>
<Scheme
   version = "1.3">
   <BuildAction>
      <BuildActionEntries>
         <BuildActionEntry
            buildForRunning = "YES">
            <BuildableReference
               BuildableIdentifier = "primary"
               BlueprintIdentifier = "7AEA5AE0276EC4D700FAE36C"
               BuildableName = "Objc-Exercise"
               BlueprintName = "Objc-Exercise"
               ReferencedContainer = "container:Objc-Exercise.xcodeproj">
            </BuildableReference>
         </BuildActionEntry>
      </BuildActionEntries>
   </BuildAction>
   <LaunchAction
      useCustomWorkingDirectory = "NO"
      buildConfiguration = "Debug"
      allowLocationSimulation = "YES">
      <BuildableProductRunnable>
         <BuildableReference
            BuildableIdentifier = "primary"
            BlueprintIdentifier = "7AEA5AE0276EC4D700FAE36C"
            BuildableName = "Objc-Exercise"
            BlueprintName = "Objc-Exercise"
            ReferencedContainer = "container:Objc-Exercise.xcodeproj">
         </BuildableReference>
      </BuildableProductRunnable>
   </LaunchAction>
</Scheme>
