<?xml version="1.0" encoding="UTF-8"?>
<Scheme
   version = "1.3">
   <BuildAction>
      <BuildActionEntries>
         <BuildActionEntry
            buildForRunning = "YES">
            <BuildableReference
               BuildableIdentifier = "primary"
               BlueprintIdentifier = "7AB2A4DE2745D07A00E9980A"
               BuildableName = "New-FoodPin.app"
               BlueprintName = "New-FoodPin"
               ReferencedContainer = "container:New-FoodPin.xcodeproj">
            </BuildableReference>
         </BuildActionEntry>
      </BuildActionEntries>
   </BuildAction>
   <LaunchAction
      useCustomWorkingDirectory = "NO"
      buildConfiguration = "Debug"
      allowLocationSimulation = "YES">
      <BuildableProductRunnable>
         <BuildableReference
            BuildableIdentifier = "primary"
            BlueprintIdentifier = "7AB2A4DE2745D07A00E9980A"
            BuildableName = "New-FoodPin.app"
            BlueprintName = "New-FoodPin"
            ReferencedContainer = "container:New-FoodPin.xcodeproj">
         </BuildableReference>
      </BuildableProductRunnable>
   </LaunchAction>
</Scheme>
