// !$*UTF8*$!
{
	archiveVersion = 1;
	classes = {
	};
	objectVersion = 55;
	objects = {

/* Begin PBXBuildFile section */
		4CF6FA1EE30023A1D9F51D3F /* Pods_MDHighlight.framework in Frameworks */ = {isa = PBXBuildFile; fileRef = 831CFC40748E308C75101921 /* Pods_MDHighlight.framework */; };
		7A0015EC28212F430087D1C8 /* AppDelegate.swift in Sources */ = {isa = PBXBuildFile; fileRef = 7A0015EB28212F430087D1C8 /* AppDelegate.swift */; };
		7A0015EE28212F430087D1C8 /* SceneDelegate.swift in Sources */ = {isa = PBXBuildFile; fileRef = 7A0015ED28212F430087D1C8 /* SceneDelegate.swift */; };
		7A0015F028212F430087D1C8 /* ViewController.swift in Sources */ = {isa = PBXBuildFile; fileRef = 7A0015EF28212F430087D1C8 /* ViewController.swift */; };
		7A0015F528212F460087D1C8 /* Assets.xcassets in Resources */ = {isa = PBXBuildFile; fileRef = 7A0015F428212F460087D1C8 /* Assets.xcassets */; };
		7A0015F828212F460087D1C8 /* LaunchScreen.storyboard in Resources */ = {isa = PBXBuildFile; fileRef = 7A0015F628212F460087D1C8 /* LaunchScreen.storyboard */; };
		7A00160028212F9F0087D1C8 /* MDHighlightView.swift in Sources */ = {isa = PBXBuildFile; fileRef = 7A0015FF28212F9F0087D1C8 /* MDHighlightView.swift */; };
		7A0016022821304B0087D1C8 /* HighlightStorage.swift in Sources */ = {isa = PBXBuildFile; fileRef = 7A0016012821304B0087D1C8 /* HighlightStorage.swift */; };
		7A52C4C7282145AF00192187 /* TestTextView.swift in Sources */ = {isa = PBXBuildFile; fileRef = 7A52C4C6282145AF00192187 /* TestTextView.swift */; };
		7A52C4CC2821470400192187 /* LXGWWenKai-Regular.ttf in Resources */ = {isa = PBXBuildFile; fileRef = 7A52C4CB2821469000192187 /* LXGWWenKai-Regular.ttf */; };
		7A52C4CE2821547100192187 /* SelectionRect.swift in Sources */ = {isa = PBXBuildFile; fileRef = 7A52C4CD2821547100192187 /* SelectionRect.swift */; };
		7A52C4D02821550B00192187 /* CustomTextView.swift in Sources */ = {isa = PBXBuildFile; fileRef = 7A52C4CF2821550B00192187 /* CustomTextView.swift */; };
		7A52C4D22822534F00192187 /* Reference.swift in Sources */ = {isa = PBXBuildFile; fileRef = 7A52C4D12822534F00192187 /* Reference.swift */; };
		7A8F7D7D28323AD2007C4D76 /* cmark-gfm in Frameworks */ = {isa = PBXBuildFile; productRef = 7A8F7D7C28323AD2007C4D76 /* cmark-gfm */; };
		7A8F7D7F28323AD2007C4D76 /* cmark-gfm-extensions in Frameworks */ = {isa = PBXBuildFile; productRef = 7A8F7D7E28323AD2007C4D76 /* cmark-gfm-extensions */; };
		7A8F7D8228323B07007C4D76 /* ArgumentParser in Frameworks */ = {isa = PBXBuildFile; productRef = 7A8F7D8128323B07007C4D76 /* ArgumentParser */; };
		7ADEFA6E28323CE300EA38F5 /* Markdown in Frameworks */ = {isa = PBXBuildFile; productRef = 7ADEFA6D28323CE300EA38F5 /* Markdown */; };
/* End PBXBuildFile section */

/* Begin PBXFileReference section */
		5EA0A43E4269C6DAAB2D8D96 /* Pods-MDHighlight.debug.xcconfig */ = {isa = PBXFileReference; includeInIndex = 1; lastKnownFileType = text.xcconfig; name = "Pods-MDHighlight.debug.xcconfig"; path = "Target Support Files/Pods-MDHighlight/Pods-MDHighlight.debug.xcconfig"; sourceTree = "<group>"; };
		7A0015E828212F430087D1C8 /* MDHighlight.app */ = {isa = PBXFileReference; explicitFileType = wrapper.application; includeInIndex = 0; path = MDHighlight.app; sourceTree = BUILT_PRODUCTS_DIR; };
		7A0015EB28212F430087D1C8 /* AppDelegate.swift */ = {isa = PBXFileReference; lastKnownFileType = sourcecode.swift; path = AppDelegate.swift; sourceTree = "<group>"; };
		7A0015ED28212F430087D1C8 /* SceneDelegate.swift */ = {isa = PBXFileReference; lastKnownFileType = sourcecode.swift; path = SceneDelegate.swift; sourceTree = "<group>"; };
		7A0015EF28212F430087D1C8 /* ViewController.swift */ = {isa = PBXFileReference; lastKnownFileType = sourcecode.swift; path = ViewController.swift; sourceTree = "<group>"; };
		7A0015F428212F460087D1C8 /* Assets.xcassets */ = {isa = PBXFileReference; lastKnownFileType = folder.assetcatalog; path = Assets.xcassets; sourceTree = "<group>"; };
		7A0015F728212F460087D1C8 /* Base */ = {isa = PBXFileReference; lastKnownFileType = file.storyboard; name = Base; path = Base.lproj/LaunchScreen.storyboard; sourceTree = "<group>"; };
		7A0015F928212F460087D1C8 /* Info.plist */ = {isa = PBXFileReference; lastKnownFileType = text.plist.xml; path = Info.plist; sourceTree = "<group>"; };
		7A0015FF28212F9F0087D1C8 /* MDHighlightView.swift */ = {isa = PBXFileReference; lastKnownFileType = sourcecode.swift; path = MDHighlightView.swift; sourceTree = "<group>"; };
		7A0016012821304B0087D1C8 /* HighlightStorage.swift */ = {isa = PBXFileReference; lastKnownFileType = sourcecode.swift; path = HighlightStorage.swift; sourceTree = "<group>"; };
		7A21F7A828324003000B896B /* MDHighlight.entitlements */ = {isa = PBXFileReference; lastKnownFileType = text.plist.entitlements; path = MDHighlight.entitlements; sourceTree = "<group>"; };
		7A52C4C6282145AF00192187 /* TestTextView.swift */ = {isa = PBXFileReference; lastKnownFileType = sourcecode.swift; path = TestTextView.swift; sourceTree = "<group>"; };
		7A52C4CB2821469000192187 /* LXGWWenKai-Regular.ttf */ = {isa = PBXFileReference; lastKnownFileType = file; path = "LXGWWenKai-Regular.ttf"; sourceTree = "<group>"; };
		7A52C4CD2821547100192187 /* SelectionRect.swift */ = {isa = PBXFileReference; lastKnownFileType = sourcecode.swift; path = SelectionRect.swift; sourceTree = "<group>"; };
		7A52C4CF2821550B00192187 /* CustomTextView.swift */ = {isa = PBXFileReference; lastKnownFileType = sourcecode.swift; path = CustomTextView.swift; sourceTree = "<group>"; };
		7A52C4D12822534F00192187 /* Reference.swift */ = {isa = PBXFileReference; lastKnownFileType = sourcecode.swift; path = Reference.swift; sourceTree = "<group>"; };
		831CFC40748E308C75101921 /* Pods_MDHighlight.framework */ = {isa = PBXFileReference; explicitFileType = wrapper.framework; includeInIndex = 0; path = Pods_MDHighlight.framework; sourceTree = BUILT_PRODUCTS_DIR; };
		F5EE350410A872EE7C73C147 /* Pods-MDHighlight.release.xcconfig */ = {isa = PBXFileReference; includeInIndex = 1; lastKnownFileType = text.xcconfig; name = "Pods-MDHighlight.release.xcconfig"; path = "Target Support Files/Pods-MDHighlight/Pods-MDHighlight.release.xcconfig"; sourceTree = "<group>"; };
/* End PBXFileReference section */

/* Begin PBXFrameworksBuildPhase section */
		7A0015E528212F430087D1C8 /* Frameworks */ = {
			isa = PBXFrameworksBuildPhase;
			buildActionMask = 2147483647;
			files = (
				7A8F7D7D28323AD2007C4D76 /* cmark-gfm in Frameworks */,
				7A8F7D7F28323AD2007C4D76 /* cmark-gfm-extensions in Frameworks */,
				7ADEFA6E28323CE300EA38F5 /* Markdown in Frameworks */,
				7A8F7D8228323B07007C4D76 /* ArgumentParser in Frameworks */,
				4CF6FA1EE30023A1D9F51D3F /* Pods_MDHighlight.framework in Frameworks */,
			);
			runOnlyForDeploymentPostprocessing = 0;
		};
/* End PBXFrameworksBuildPhase section */

/* Begin PBXGroup section */
		5509A1E397CFDD6DE3EE2C54 /* Pods */ = {
			isa = PBXGroup;
			children = (
				5EA0A43E4269C6DAAB2D8D96 /* Pods-MDHighlight.debug.xcconfig */,
				F5EE350410A872EE7C73C147 /* Pods-MDHighlight.release.xcconfig */,
			);
			path = Pods;
			sourceTree = "<group>";
		};
		7A0015DF28212F430087D1C8 = {
			isa = PBXGroup;
			children = (
				7A0015EA28212F430087D1C8 /* MDHighlight */,
				7A0015E928212F430087D1C8 /* Products */,
				5509A1E397CFDD6DE3EE2C54 /* Pods */,
				D95459287D6E0D221BCB0CE2 /* Frameworks */,
			);
			sourceTree = "<group>";
		};
		7A0015E928212F430087D1C8 /* Products */ = {
			isa = PBXGroup;
			children = (
				7A0015E828212F430087D1C8 /* MDHighlight.app */,
			);
			name = Products;
			sourceTree = "<group>";
		};
		7A0015EA28212F430087D1C8 /* MDHighlight */ = {
			isa = PBXGroup;
			children = (
				7A21F7A828324003000B896B /* MDHighlight.entitlements */,
				7A0015EB28212F430087D1C8 /* AppDelegate.swift */,
				7A0015ED28212F430087D1C8 /* SceneDelegate.swift */,
				7A0015EF28212F430087D1C8 /* ViewController.swift */,
				7A0015F428212F460087D1C8 /* Assets.xcassets */,
				7A0015F628212F460087D1C8 /* LaunchScreen.storyboard */,
				7A0015F928212F460087D1C8 /* Info.plist */,
				7A0015FF28212F9F0087D1C8 /* MDHighlightView.swift */,
				7A52C4CB2821469000192187 /* LXGWWenKai-Regular.ttf */,
				7A0016012821304B0087D1C8 /* HighlightStorage.swift */,
				7A52C4C6282145AF00192187 /* TestTextView.swift */,
				7A52C4CD2821547100192187 /* SelectionRect.swift */,
				7A52C4CF2821550B00192187 /* CustomTextView.swift */,
				7A52C4D12822534F00192187 /* Reference.swift */,
			);
			path = MDHighlight;
			sourceTree = "<group>";
		};
		D95459287D6E0D221BCB0CE2 /* Frameworks */ = {
			isa = PBXGroup;
			children = (
				831CFC40748E308C75101921 /* Pods_MDHighlight.framework */,
			);
			name = Frameworks;
			sourceTree = "<group>";
		};
/* End PBXGroup section */

/* Begin PBXNativeTarget section */
		7A0015E728212F430087D1C8 /* MDHighlight */ = {
			isa = PBXNativeTarget;
			buildConfigurationList = 7A0015FC28212F460087D1C8 /* Build configuration list for PBXNativeTarget "MDHighlight" */;
			buildPhases = (
				C5D1C13162916E6234516560 /* [CP] Check Pods Manifest.lock */,
				7A0015E428212F430087D1C8 /* Sources */,
				7A0015E528212F430087D1C8 /* Frameworks */,
				7A0015E628212F430087D1C8 /* Resources */,
				8814223F3000474998E16F2D /* [CP] Embed Pods Frameworks */,
			);
			buildRules = (
			);
			dependencies = (
			);
			name = MDHighlight;
			packageProductDependencies = (
				7A8F7D7C28323AD2007C4D76 /* cmark-gfm */,
				7A8F7D7E28323AD2007C4D76 /* cmark-gfm-extensions */,
				7A8F7D8128323B07007C4D76 /* ArgumentParser */,
				7ADEFA6D28323CE300EA38F5 /* Markdown */,
			);
			productName = MDHighlight;
			productReference = 7A0015E828212F430087D1C8 /* MDHighlight.app */;
			productType = "com.apple.product-type.application";
		};
/* End PBXNativeTarget section */

/* Begin PBXProject section */
		7A0015E028212F430087D1C8 /* Project object */ = {
			isa = PBXProject;
			attributes = {
				BuildIndependentTargetsInParallel = 1;
				LastSwiftUpdateCheck = 1330;
				LastUpgradeCheck = 1330;
				TargetAttributes = {
					7A0015E728212F430087D1C8 = {
						CreatedOnToolsVersion = 13.3.1;
					};
				};
			};
			buildConfigurationList = 7A0015E328212F430087D1C8 /* Build configuration list for PBXProject "MDHighlight" */;
			compatibilityVersion = "Xcode 13.0";
			developmentRegion = en;
			hasScannedForEncodings = 0;
			knownRegions = (
				en,
				Base,
			);
			mainGroup = 7A0015DF28212F430087D1C8;
			packageReferences = (
				7A8F7D7B28323AD2007C4D76 /* XCRemoteSwiftPackageReference "swift-cmark" */,
				7A8F7D8028323B07007C4D76 /* XCRemoteSwiftPackageReference "swift-argument-parser" */,
				7A8F7D8328323B20007C4D76 /* XCRemoteSwiftPackageReference "swift-docc-plugin" */,
				7ADEFA6C28323CE300EA38F5 /* XCRemoteSwiftPackageReference "swift-markdown" */,
			);
			productRefGroup = 7A0015E928212F430087D1C8 /* Products */;
			projectDirPath = "";
			projectRoot = "";
			targets = (
				7A0015E728212F430087D1C8 /* MDHighlight */,
			);
		};
/* End PBXProject section */

/* Begin PBXResourcesBuildPhase section */
		7A0015E628212F430087D1C8 /* Resources */ = {
			isa = PBXResourcesBuildPhase;
			buildActionMask = 2147483647;
			files = (
				7A52C4CC2821470400192187 /* LXGWWenKai-Regular.ttf in Resources */,
				7A0015F828212F460087D1C8 /* LaunchScreen.storyboard in Resources */,
				7A0015F528212F460087D1C8 /* Assets.xcassets in Resources */,
			);
			runOnlyForDeploymentPostprocessing = 0;
		};
/* End PBXResourcesBuildPhase section */

/* Begin PBXShellScriptBuildPhase section */
		8814223F3000474998E16F2D /* [CP] Embed Pods Frameworks */ = {
			isa = PBXShellScriptBuildPhase;
			buildActionMask = 2147483647;
			files = (
			);
			inputFileListPaths = (
				"${PODS_ROOT}/Target Support Files/Pods-MDHighlight/Pods-MDHighlight-frameworks-${CONFIGURATION}-input-files.xcfilelist",
			);
			name = "[CP] Embed Pods Frameworks";
			outputFileListPaths = (
				"${PODS_ROOT}/Target Support Files/Pods-MDHighlight/Pods-MDHighlight-frameworks-${CONFIGURATION}-output-files.xcfilelist",
			);
			runOnlyForDeploymentPostprocessing = 0;
			shellPath = /bin/sh;
			shellScript = "\"${PODS_ROOT}/Target Support Files/Pods-MDHighlight/Pods-MDHighlight-frameworks.sh\"\n";
			showEnvVarsInLog = 0;
		};
		C5D1C13162916E6234516560 /* [CP] Check Pods Manifest.lock */ = {
			isa = PBXShellScriptBuildPhase;
			buildActionMask = 2147483647;
			files = (
			);
			inputFileListPaths = (
			);
			inputPaths = (
				"${PODS_PODFILE_DIR_PATH}/Podfile.lock",
				"${PODS_ROOT}/Manifest.lock",
			);
			name = "[CP] Check Pods Manifest.lock";
			outputFileListPaths = (
			);
			outputPaths = (
				"$(DERIVED_FILE_DIR)/Pods-MDHighlight-checkManifestLockResult.txt",
			);
			runOnlyForDeploymentPostprocessing = 0;
			shellPath = /bin/sh;
			shellScript = "diff \"${PODS_PODFILE_DIR_PATH}/Podfile.lock\" \"${PODS_ROOT}/Manifest.lock\" > /dev/null\nif [ $? != 0 ] ; then\n    # print error to STDERR\n    echo \"error: The sandbox is not in sync with the Podfile.lock. Run 'pod install' or update your CocoaPods installation.\" >&2\n    exit 1\nfi\n# This output is used by Xcode 'outputs' to avoid re-running this script phase.\necho \"SUCCESS\" > \"${SCRIPT_OUTPUT_FILE_0}\"\n";
			showEnvVarsInLog = 0;
		};
/* End PBXShellScriptBuildPhase section */

/* Begin PBXSourcesBuildPhase section */
		7A0015E428212F430087D1C8 /* Sources */ = {
			isa = PBXSourcesBuildPhase;
			buildActionMask = 2147483647;
			files = (
				7A00160028212F9F0087D1C8 /* MDHighlightView.swift in Sources */,
				7A52C4CE2821547100192187 /* SelectionRect.swift in Sources */,
				7A52C4D02821550B00192187 /* CustomTextView.swift in Sources */,
				7A0015F028212F430087D1C8 /* ViewController.swift in Sources */,
				7A52C4C7282145AF00192187 /* TestTextView.swift in Sources */,
				7A0015EC28212F430087D1C8 /* AppDelegate.swift in Sources */,
				7A52C4D22822534F00192187 /* Reference.swift in Sources */,
				7A0015EE28212F430087D1C8 /* SceneDelegate.swift in Sources */,
				7A0016022821304B0087D1C8 /* HighlightStorage.swift in Sources */,
			);
			runOnlyForDeploymentPostprocessing = 0;
		};
/* End PBXSourcesBuildPhase section */

/* Begin PBXVariantGroup section */
		7A0015F628212F460087D1C8 /* LaunchScreen.storyboard */ = {
			isa = PBXVariantGroup;
			children = (
				7A0015F728212F460087D1C8 /* Base */,
			);
			name = LaunchScreen.storyboard;
			sourceTree = "<group>";
		};
/* End PBXVariantGroup section */

/* Begin XCBuildConfiguration section */
		7A0015FA28212F460087D1C8 /* Debug */ = {
			isa = XCBuildConfiguration;
			buildSettings = {
				ALWAYS_SEARCH_USER_PATHS = NO;
				CLANG_ANALYZER_NONNULL = YES;
				CLANG_ANALYZER_NUMBER_OBJECT_CONVERSION = YES_AGGRESSIVE;
				CLANG_CXX_LANGUAGE_STANDARD = "gnu++17";
				CLANG_ENABLE_MODULES = YES;
				CLANG_ENABLE_OBJC_ARC = YES;
				CLANG_ENABLE_OBJC_WEAK = YES;
				CLANG_WARN_BLOCK_CAPTURE_AUTORELEASING = YES;
				CLANG_WARN_BOOL_CONVERSION = YES;
				CLANG_WARN_COMMA = YES;
				CLANG_WARN_CONSTANT_CONVERSION = YES;
				CLANG_WARN_DEPRECATED_OBJC_IMPLEMENTATIONS = YES;
				CLANG_WARN_DIRECT_OBJC_ISA_USAGE = YES_ERROR;
				CLANG_WARN_DOCUMENTATION_COMMENTS = YES;
				CLANG_WARN_EMPTY_BODY = YES;
				CLANG_WARN_ENUM_CONVERSION = YES;
				CLANG_WARN_INFINITE_RECURSION = YES;
				CLANG_WARN_INT_CONVERSION = YES;
				CLANG_WARN_NON_LITERAL_NULL_CONVERSION = YES;
				CLANG_WARN_OBJC_IMPLICIT_RETAIN_SELF = YES;
				CLANG_WARN_OBJC_LITERAL_CONVERSION = YES;
				CLANG_WARN_OBJC_ROOT_CLASS = YES_ERROR;
				CLANG_WARN_QUOTED_INCLUDE_IN_FRAMEWORK_HEADER = YES;
				CLANG_WARN_RANGE_LOOP_ANALYSIS = YES;
				CLANG_WARN_STRICT_PROTOTYPES = YES;
				CLANG_WARN_SUSPICIOUS_MOVE = YES;
				CLANG_WARN_UNGUARDED_AVAILABILITY = YES_AGGRESSIVE;
				CLANG_WARN_UNREACHABLE_CODE = YES;
				CLANG_WARN__DUPLICATE_METHOD_MATCH = YES;
				COPY_PHASE_STRIP = NO;
				DEBUG_INFORMATION_FORMAT = dwarf;
				ENABLE_STRICT_OBJC_MSGSEND = YES;
				ENABLE_TESTABILITY = YES;
				GCC_C_LANGUAGE_STANDARD = gnu11;
				GCC_DYNAMIC_NO_PIC = NO;
				GCC_NO_COMMON_BLOCKS = YES;
				GCC_OPTIMIZATION_LEVEL = 0;
				GCC_PREPROCESSOR_DEFINITIONS = (
					"DEBUG=1",
					"$(inherited)",
				);
				GCC_WARN_64_TO_32_BIT_CONVERSION = YES;
				GCC_WARN_ABOUT_RETURN_TYPE = YES_ERROR;
				GCC_WARN_UNDECLARED_SELECTOR = YES;
				GCC_WARN_UNINITIALIZED_AUTOS = YES_AGGRESSIVE;
				GCC_WARN_UNUSED_FUNCTION = YES;
				GCC_WARN_UNUSED_VARIABLE = YES;
				IPHONEOS_DEPLOYMENT_TARGET = 13.0;
				MTL_ENABLE_DEBUG_INFO = INCLUDE_SOURCE;
				MTL_FAST_MATH = YES;
				ONLY_ACTIVE_ARCH = YES;
				SDKROOT = iphoneos;
				SWIFT_ACTIVE_COMPILATION_CONDITIONS = DEBUG;
				SWIFT_OPTIMIZATION_LEVEL = "-Onone";
			};
			name = Debug;
		};
		7A0015FB28212F460087D1C8 /* Release */ = {
			isa = XCBuildConfiguration;
			buildSettings = {
				ALWAYS_SEARCH_USER_PATHS = NO;
				CLANG_ANALYZER_NONNULL = YES;
				CLANG_ANALYZER_NUMBER_OBJECT_CONVERSION = YES_AGGRESSIVE;
				CLANG_CXX_LANGUAGE_STANDARD = "gnu++17";
				CLANG_ENABLE_MODULES = YES;
				CLANG_ENABLE_OBJC_ARC = YES;
				CLANG_ENABLE_OBJC_WEAK = YES;
				CLANG_WARN_BLOCK_CAPTURE_AUTORELEASING = YES;
				CLANG_WARN_BOOL_CONVERSION = YES;
				CLANG_WARN_COMMA = YES;
				CLANG_WARN_CONSTANT_CONVERSION = YES;
				CLANG_WARN_DEPRECATED_OBJC_IMPLEMENTATIONS = YES;
				CLANG_WARN_DIRECT_OBJC_ISA_USAGE = YES_ERROR;
				CLANG_WARN_DOCUMENTATION_COMMENTS = YES;
				CLANG_WARN_EMPTY_BODY = YES;
				CLANG_WARN_ENUM_CONVERSION = YES;
				CLANG_WARN_INFINITE_RECURSION = YES;
				CLANG_WARN_INT_CONVERSION = YES;
				CLANG_WARN_NON_LITERAL_NULL_CONVERSION = YES;
				CLANG_WARN_OBJC_IMPLICIT_RETAIN_SELF = YES;
				CLANG_WARN_OBJC_LITERAL_CONVERSION = YES;
				CLANG_WARN_OBJC_ROOT_CLASS = YES_ERROR;
				CLANG_WARN_QUOTED_INCLUDE_IN_FRAMEWORK_HEADER = YES;
				CLANG_WARN_RANGE_LOOP_ANALYSIS = YES;
				CLANG_WARN_STRICT_PROTOTYPES = YES;
				CLANG_WARN_SUSPICIOUS_MOVE = YES;
				CLANG_WARN_UNGUARDED_AVAILABILITY = YES_AGGRESSIVE;
				CLANG_WARN_UNREACHABLE_CODE = YES;
				CLANG_WARN__DUPLICATE_METHOD_MATCH = YES;
				COPY_PHASE_STRIP = NO;
				DEBUG_INFORMATION_FORMAT = "dwarf-with-dsym";
				ENABLE_NS_ASSERTIONS = NO;
				ENABLE_STRICT_OBJC_MSGSEND = YES;
				GCC_C_LANGUAGE_STANDARD = gnu11;
				GCC_NO_COMMON_BLOCKS = YES;
				GCC_WARN_64_TO_32_BIT_CONVERSION = YES;
				GCC_WARN_ABOUT_RETURN_TYPE = YES_ERROR;
				GCC_WARN_UNDECLARED_SELECTOR = YES;
				GCC_WARN_UNINITIALIZED_AUTOS = YES_AGGRESSIVE;
				GCC_WARN_UNUSED_FUNCTION = YES;
				GCC_WARN_UNUSED_VARIABLE = YES;
				IPHONEOS_DEPLOYMENT_TARGET = 13.0;
				MTL_ENABLE_DEBUG_INFO = NO;
				MTL_FAST_MATH = YES;
				SDKROOT = iphoneos;
				SWIFT_COMPILATION_MODE = wholemodule;
				SWIFT_OPTIMIZATION_LEVEL = "-O";
				VALIDATE_PRODUCT = YES;
			};
			name = Release;
		};
		7A0015FD28212F460087D1C8 /* Debug */ = {
			isa = XCBuildConfiguration;
			baseConfigurationReference = 5EA0A43E4269C6DAAB2D8D96 /* Pods-MDHighlight.debug.xcconfig */;
			buildSettings = {
				ASSETCATALOG_COMPILER_APPICON_NAME = AppIcon;
				ASSETCATALOG_COMPILER_GLOBAL_ACCENT_COLOR_NAME = AccentColor;
				CODE_SIGN_ENTITLEMENTS = MDHighlight/MDHighlight.entitlements;
				CODE_SIGN_STYLE = Automatic;
				CURRENT_PROJECT_VERSION = 1;
				DEVELOPMENT_TEAM = J848DTSBF7;
				GENERATE_INFOPLIST_FILE = YES;
				INFOPLIST_FILE = MDHighlight/Info.plist;
				INFOPLIST_KEY_UIApplicationSupportsIndirectInputEvents = YES;
				INFOPLIST_KEY_UILaunchStoryboardName = LaunchScreen;
				INFOPLIST_KEY_UISupportedInterfaceOrientations_iPad = "UIInterfaceOrientationPortrait UIInterfaceOrientationPortraitUpsideDown UIInterfaceOrientationLandscapeLeft UIInterfaceOrientationLandscapeRight";
				INFOPLIST_KEY_UISupportedInterfaceOrientations_iPhone = "UIInterfaceOrientationPortrait UIInterfaceOrientationLandscapeLeft UIInterfaceOrientationLandscapeRight";
				IPHONEOS_DEPLOYMENT_TARGET = 13.0;
				LD_RUNPATH_SEARCH_PATHS = (
					"$(inherited)",
					"@executable_path/Frameworks",
				);
				MARKETING_VERSION = 1.0;
				PRODUCT_BUNDLE_IDENTIFIER = com.lagrange1813.MDHighlight;
				PRODUCT_NAME = "$(TARGET_NAME)";
				SUPPORTS_MACCATALYST = NO;
				SWIFT_EMIT_LOC_STRINGS = YES;
				SWIFT_VERSION = 5.0;
				TARGETED_DEVICE_FAMILY = "1,2";
			};
			name = Debug;
		};
		7A0015FE28212F460087D1C8 /* Release */ = {
			isa = XCBuildConfiguration;
			baseConfigurationReference = F5EE350410A872EE7C73C147 /* Pods-MDHighlight.release.xcconfig */;
			buildSettings = {
				ASSETCATALOG_COMPILER_APPICON_NAME = AppIcon;
				ASSETCATALOG_COMPILER_GLOBAL_ACCENT_COLOR_NAME = AccentColor;
				CODE_SIGN_ENTITLEMENTS = MDHighlight/MDHighlight.entitlements;
				CODE_SIGN_STYLE = Automatic;
				CURRENT_PROJECT_VERSION = 1;
				DEVELOPMENT_TEAM = J848DTSBF7;
				GENERATE_INFOPLIST_FILE = YES;
				INFOPLIST_FILE = MDHighlight/Info.plist;
				INFOPLIST_KEY_UIApplicationSupportsIndirectInputEvents = YES;
				INFOPLIST_KEY_UILaunchStoryboardName = LaunchScreen;
				INFOPLIST_KEY_UISupportedInterfaceOrientations_iPad = "UIInterfaceOrientationPortrait UIInterfaceOrientationPortraitUpsideDown UIInterfaceOrientationLandscapeLeft UIInterfaceOrientationLandscapeRight";
				INFOPLIST_KEY_UISupportedInterfaceOrientations_iPhone = "UIInterfaceOrientationPortrait UIInterfaceOrientationLandscapeLeft UIInterfaceOrientationLandscapeRight";
				IPHONEOS_DEPLOYMENT_TARGET = 13.0;
				LD_RUNPATH_SEARCH_PATHS = (
					"$(inherited)",
					"@executable_path/Frameworks",
				);
				MARKETING_VERSION = 1.0;
				PRODUCT_BUNDLE_IDENTIFIER = com.lagrange1813.MDHighlight;
				PRODUCT_NAME = "$(TARGET_NAME)";
				SUPPORTS_MACCATALYST = NO;
				SWIFT_EMIT_LOC_STRINGS = YES;
				SWIFT_VERSION = 5.0;
				TARGETED_DEVICE_FAMILY = "1,2";
			};
			name = Release;
		};
/* End XCBuildConfiguration section */

/* Begin XCConfigurationList section */
		7A0015E328212F430087D1C8 /* Build configuration list for PBXProject "MDHighlight" */ = {
			isa = XCConfigurationList;
			buildConfigurations = (
				7A0015FA28212F460087D1C8 /* Debug */,
				7A0015FB28212F460087D1C8 /* Release */,
			);
			defaultConfigurationIsVisible = 0;
			defaultConfigurationName = Release;
		};
		7A0015FC28212F460087D1C8 /* Build configuration list for PBXNativeTarget "MDHighlight" */ = {
			isa = XCConfigurationList;
			buildConfigurations = (
				7A0015FD28212F460087D1C8 /* Debug */,
				7A0015FE28212F460087D1C8 /* Release */,
			);
			defaultConfigurationIsVisible = 0;
			defaultConfigurationName = Release;
		};
/* End XCConfigurationList section */

/* Begin XCRemoteSwiftPackageReference section */
		7A8F7D7B28323AD2007C4D76 /* XCRemoteSwiftPackageReference "swift-cmark" */ = {
			isa = XCRemoteSwiftPackageReference;
			repositoryURL = "git@gitee.com:lagrange1813/swift-cmark.git";
			requirement = {
				branch = gfm;
				kind = branch;
			};
		};
		7A8F7D8028323B07007C4D76 /* XCRemoteSwiftPackageReference "swift-argument-parser" */ = {
			isa = XCRemoteSwiftPackageReference;
			repositoryURL = "git@gitee.com:lagrange1813/swift-argument-parser.git";
			requirement = {
				kind = upToNextMinorVersion;
				minimumVersion = 1.1.0;
			};
		};
		7A8F7D8328323B20007C4D76 /* XCRemoteSwiftPackageReference "swift-docc-plugin" */ = {
			isa = XCRemoteSwiftPackageReference;
			repositoryURL = "git@gitee.com:lagrange1813/swift-docc-plugin.git";
			requirement = {
				kind = upToNextMajorVersion;
				minimumVersion = 1.0.0;
			};
		};
		7ADEFA6C28323CE300EA38F5 /* XCRemoteSwiftPackageReference "swift-markdown" */ = {
			isa = XCRemoteSwiftPackageReference;
			repositoryURL = "https://gitee.com/lagrange1813/swift-markdown.git";
			requirement = {
				branch = main;
				kind = branch;
			};
		};
/* End XCRemoteSwiftPackageReference section */

/* Begin XCSwiftPackageProductDependency section */
		7A8F7D7C28323AD2007C4D76 /* cmark-gfm */ = {
			isa = XCSwiftPackageProductDependency;
			package = 7A8F7D7B28323AD2007C4D76 /* XCRemoteSwiftPackageReference "swift-cmark" */;
			productName = "cmark-gfm";
		};
		7A8F7D7E28323AD2007C4D76 /* cmark-gfm-extensions */ = {
			isa = XCSwiftPackageProductDependency;
			package = 7A8F7D7B28323AD2007C4D76 /* XCRemoteSwiftPackageReference "swift-cmark" */;
			productName = "cmark-gfm-extensions";
		};
		7A8F7D8128323B07007C4D76 /* ArgumentParser */ = {
			isa = XCSwiftPackageProductDependency;
			package = 7A8F7D8028323B07007C4D76 /* XCRemoteSwiftPackageReference "swift-argument-parser" */;
			productName = ArgumentParser;
		};
		7ADEFA6D28323CE300EA38F5 /* Markdown */ = {
			isa = XCSwiftPackageProductDependency;
			package = 7ADEFA6C28323CE300EA38F5 /* XCRemoteSwiftPackageReference "swift-markdown" */;
			productName = Markdown;
		};
/* End XCSwiftPackageProductDependency section */
	};
	rootObject = 7A0015E028212F430087D1C8 /* Project object */;
}
