// !$*UTF8*$!
{
	archiveVersion = 1;
	classes = {
	};
	objectVersion = 55;
	objects = {

/* Begin PBXBuildFile section */
		3DFF85052C04D84C00A42354 /* Pods_AutoLayout_Test.framework in Frameworks */ = {isa = PBXBuildFile; fileRef = B2FDE14003A84691117A621D /* Pods_AutoLayout_Test.framework */; };
		7AD4FF6C28006F6D00D781F8 /* AppDelegate.swift in Sources */ = {isa = PBXBuildFile; fileRef = 7AD4FF6B28006F6D00D781F8 /* AppDelegate.swift */; };
		7AD4FF6E28006F6D00D781F8 /* SceneDelegate.swift in Sources */ = {isa = PBXBuildFile; fileRef = 7AD4FF6D28006F6D00D781F8 /* SceneDelegate.swift */; };
		7AD4FF7028006F6D00D781F8 /* ViewController.swift in Sources */ = {isa = PBXBuildFile; fileRef = 7AD4FF6F28006F6D00D781F8 /* ViewController.swift */; };
		7AD4FF7328006F6D00D781F8 /* Main.storyboard in Resources */ = {isa = PBXBuildFile; fileRef = 7AD4FF7128006F6D00D781F8 /* Main.storyboard */; };
		7AD4FF7528006F6E00D781F8 /* Assets.xcassets in Resources */ = {isa = PBXBuildFile; fileRef = 7AD4FF7428006F6E00D781F8 /* Assets.xcassets */; };
		7AD4FF7828006F6E00D781F8 /* LaunchScreen.storyboard in Resources */ = {isa = PBXBuildFile; fileRef = 7AD4FF7628006F6E00D781F8 /* LaunchScreen.storyboard */; };
/* End PBXBuildFile section */

/* Begin PBXFileReference section */
		1DFCF342103E9A688AE8A8B4 /* Pods-AutoLayout-Test.release.xcconfig */ = {isa = PBXFileReference; includeInIndex = 1; lastKnownFileType = text.xcconfig; name = "Pods-AutoLayout-Test.release.xcconfig"; path = "Target Support Files/Pods-AutoLayout-Test/Pods-AutoLayout-Test.release.xcconfig"; sourceTree = "<group>"; };
		78E93B2A73895E79D3E9EC6A /* Pods-AutoLayout-Test.debug.xcconfig */ = {isa = PBXFileReference; includeInIndex = 1; lastKnownFileType = text.xcconfig; name = "Pods-AutoLayout-Test.debug.xcconfig"; path = "Target Support Files/Pods-AutoLayout-Test/Pods-AutoLayout-Test.debug.xcconfig"; sourceTree = "<group>"; };
		7AD4FF6828006F6D00D781F8 /* AutoLayout-Test.app */ = {isa = PBXFileReference; explicitFileType = wrapper.application; includeInIndex = 0; path = "AutoLayout-Test.app"; sourceTree = BUILT_PRODUCTS_DIR; };
		7AD4FF6B28006F6D00D781F8 /* AppDelegate.swift */ = {isa = PBXFileReference; lastKnownFileType = sourcecode.swift; path = AppDelegate.swift; sourceTree = "<group>"; };
		7AD4FF6D28006F6D00D781F8 /* SceneDelegate.swift */ = {isa = PBXFileReference; lastKnownFileType = sourcecode.swift; path = SceneDelegate.swift; sourceTree = "<group>"; };
		7AD4FF6F28006F6D00D781F8 /* ViewController.swift */ = {isa = PBXFileReference; lastKnownFileType = sourcecode.swift; path = ViewController.swift; sourceTree = "<group>"; };
		7AD4FF7228006F6D00D781F8 /* Base */ = {isa = PBXFileReference; lastKnownFileType = file.storyboard; name = Base; path = Base.lproj/Main.storyboard; sourceTree = "<group>"; };
		7AD4FF7428006F6E00D781F8 /* Assets.xcassets */ = {isa = PBXFileReference; lastKnownFileType = folder.assetcatalog; path = Assets.xcassets; sourceTree = "<group>"; };
		7AD4FF7728006F6E00D781F8 /* Base */ = {isa = PBXFileReference; lastKnownFileType = file.storyboard; name = Base; path = Base.lproj/LaunchScreen.storyboard; sourceTree = "<group>"; };
		7AD4FF7928006F6E00D781F8 /* Info.plist */ = {isa = PBXFileReference; lastKnownFileType = text.plist.xml; path = Info.plist; sourceTree = "<group>"; };
		B2FDE14003A84691117A621D /* Pods_AutoLayout_Test.framework */ = {isa = PBXFileReference; explicitFileType = wrapper.framework; includeInIndex = 0; path = Pods_AutoLayout_Test.framework; sourceTree = BUILT_PRODUCTS_DIR; };
/* End PBXFileReference section */

/* Begin PBXFrameworksBuildPhase section */
		7AD4FF6528006F6D00D781F8 /* Frameworks */ = {
			isa = PBXFrameworksBuildPhase;
			buildActionMask = 2147483647;
			files = (
				3DFF85052C04D84C00A42354 /* Pods_AutoLayout_Test.framework in Frameworks */,
			);
			runOnlyForDeploymentPostprocessing = 0;
		};
/* End PBXFrameworksBuildPhase section */

/* Begin PBXGroup section */
		2D36B5F25D228D2C6EBCAF15 /* Pods */ = {
			isa = PBXGroup;
			children = (
				78E93B2A73895E79D3E9EC6A /* Pods-AutoLayout-Test.debug.xcconfig */,
				1DFCF342103E9A688AE8A8B4 /* Pods-AutoLayout-Test.release.xcconfig */,
			);
			name = Pods;
			path = Pods;
			sourceTree = "<group>";
		};
		7AD4FF5F28006F6D00D781F8 = {
			isa = PBXGroup;
			children = (
				7AD4FF6A28006F6D00D781F8 /* AutoLayout-Test */,
				7AD4FF6928006F6D00D781F8 /* Products */,
				2D36B5F25D228D2C6EBCAF15 /* Pods */,
				CC1ED3ED3B637A4909E994E7 /* Frameworks */,
			);
			sourceTree = "<group>";
		};
		7AD4FF6928006F6D00D781F8 /* Products */ = {
			isa = PBXGroup;
			children = (
				7AD4FF6828006F6D00D781F8 /* AutoLayout-Test.app */,
			);
			name = Products;
			sourceTree = "<group>";
		};
		7AD4FF6A28006F6D00D781F8 /* AutoLayout-Test */ = {
			isa = PBXGroup;
			children = (
				7AD4FF6B28006F6D00D781F8 /* AppDelegate.swift */,
				7AD4FF6D28006F6D00D781F8 /* SceneDelegate.swift */,
				7AD4FF6F28006F6D00D781F8 /* ViewController.swift */,
				7AD4FF7128006F6D00D781F8 /* Main.storyboard */,
				7AD4FF7428006F6E00D781F8 /* Assets.xcassets */,
				7AD4FF7628006F6E00D781F8 /* LaunchScreen.storyboard */,
				7AD4FF7928006F6E00D781F8 /* Info.plist */,
			);
			path = "AutoLayout-Test";
			sourceTree = "<group>";
		};
		CC1ED3ED3B637A4909E994E7 /* Frameworks */ = {
			isa = PBXGroup;
			children = (
				B2FDE14003A84691117A621D /* Pods_AutoLayout_Test.framework */,
			);
			name = Frameworks;
			sourceTree = "<group>";
		};
/* End PBXGroup section */

/* Begin PBXNativeTarget section */
		7AD4FF6728006F6D00D781F8 /* AutoLayout-Test */ = {
			isa = PBXNativeTarget;
			buildConfigurationList = 7AD4FF7C28006F6E00D781F8 /* Build configuration list for PBXNativeTarget "AutoLayout-Test" */;
			buildPhases = (
				F22F15224BEBD656AF9DE61F /* [CP] Check Pods Manifest.lock */,
				7AD4FF6428006F6D00D781F8 /* Sources */,
				7AD4FF6528006F6D00D781F8 /* Frameworks */,
				7AD4FF6628006F6D00D781F8 /* Resources */,
				55FC2EBFAC9EB03B92C4A1D2 /* [CP] Embed Pods Frameworks */,
			);
			buildRules = (
			);
			dependencies = (
			);
			name = "AutoLayout-Test";
			productName = "AutoLayout-Test";
			productReference = 7AD4FF6828006F6D00D781F8 /* AutoLayout-Test.app */;
			productType = "com.apple.product-type.application";
		};
/* End PBXNativeTarget section */

/* Begin PBXProject section */
		7AD4FF6028006F6D00D781F8 /* Project object */ = {
			isa = PBXProject;
			attributes = {
				BuildIndependentTargetsInParallel = 1;
				LastSwiftUpdateCheck = 1330;
				LastUpgradeCheck = 1330;
				TargetAttributes = {
					7AD4FF6728006F6D00D781F8 = {
						CreatedOnToolsVersion = 13.3;
					};
				};
			};
			buildConfigurationList = 7AD4FF6328006F6D00D781F8 /* Build configuration list for PBXProject "AutoLayout-Test" */;
			compatibilityVersion = "Xcode 13.0";
			developmentRegion = en;
			hasScannedForEncodings = 0;
			knownRegions = (
				en,
				Base,
			);
			mainGroup = 7AD4FF5F28006F6D00D781F8;
			productRefGroup = 7AD4FF6928006F6D00D781F8 /* Products */;
			projectDirPath = "";
			projectRoot = "";
			targets = (
				7AD4FF6728006F6D00D781F8 /* AutoLayout-Test */,
			);
		};
/* End PBXProject section */

/* Begin PBXResourcesBuildPhase section */
		7AD4FF6628006F6D00D781F8 /* Resources */ = {
			isa = PBXResourcesBuildPhase;
			buildActionMask = 2147483647;
			files = (
				7AD4FF7828006F6E00D781F8 /* LaunchScreen.storyboard in Resources */,
				7AD4FF7528006F6E00D781F8 /* Assets.xcassets in Resources */,
				7AD4FF7328006F6D00D781F8 /* Main.storyboard in Resources */,
			);
			runOnlyForDeploymentPostprocessing = 0;
		};
/* End PBXResourcesBuildPhase section */

/* Begin PBXShellScriptBuildPhase section */
		55FC2EBFAC9EB03B92C4A1D2 /* [CP] Embed Pods Frameworks */ = {
			isa = PBXShellScriptBuildPhase;
			buildActionMask = 2147483647;
			files = (
			);
			inputFileListPaths = (
				"${PODS_ROOT}/Target Support Files/Pods-AutoLayout-Test/Pods-AutoLayout-Test-frameworks-${CONFIGURATION}-input-files.xcfilelist",
			);
			name = "[CP] Embed Pods Frameworks";
			outputFileListPaths = (
				"${PODS_ROOT}/Target Support Files/Pods-AutoLayout-Test/Pods-AutoLayout-Test-frameworks-${CONFIGURATION}-output-files.xcfilelist",
			);
			runOnlyForDeploymentPostprocessing = 0;
			shellPath = /bin/sh;
			shellScript = "\"${PODS_ROOT}/Target Support Files/Pods-AutoLayout-Test/Pods-AutoLayout-Test-frameworks.sh\"\n";
			showEnvVarsInLog = 0;
		};
		F22F15224BEBD656AF9DE61F /* [CP] Check Pods Manifest.lock */ = {
			isa = PBXShellScriptBuildPhase;
			buildActionMask = 2147483647;
			files = (
			);
			inputFileListPaths = (
			);
			inputPaths = (
				"${PODS_PODFILE_DIR_PATH}/Podfile.lock",
				"${PODS_ROOT}/Manifest.lock",
			);
			name = "[CP] Check Pods Manifest.lock";
			outputFileListPaths = (
			);
			outputPaths = (
				"$(DERIVED_FILE_DIR)/Pods-AutoLayout-Test-checkManifestLockResult.txt",
			);
			runOnlyForDeploymentPostprocessing = 0;
			shellPath = /bin/sh;
			shellScript = "diff \"${PODS_PODFILE_DIR_PATH}/Podfile.lock\" \"${PODS_ROOT}/Manifest.lock\" > /dev/null\nif [ $? != 0 ] ; then\n    # print error to STDERR\n    echo \"error: The sandbox is not in sync with the Podfile.lock. Run 'pod install' or update your CocoaPods installation.\" >&2\n    exit 1\nfi\n# This output is used by Xcode 'outputs' to avoid re-running this script phase.\necho \"SUCCESS\" > \"${SCRIPT_OUTPUT_FILE_0}\"\n";
			showEnvVarsInLog = 0;
		};
/* End PBXShellScriptBuildPhase section */

/* Begin PBXSourcesBuildPhase section */
		7AD4FF6428006F6D00D781F8 /* Sources */ = {
			isa = PBXSourcesBuildPhase;
			buildActionMask = 2147483647;
			files = (
				7AD4FF7028006F6D00D781F8 /* ViewController.swift in Sources */,
				7AD4FF6C28006F6D00D781F8 /* AppDelegate.swift in Sources */,
				7AD4FF6E28006F6D00D781F8 /* SceneDelegate.swift in Sources */,
			);
			runOnlyForDeploymentPostprocessing = 0;
		};
/* End PBXSourcesBuildPhase section */

/* Begin PBXVariantGroup section */
		7AD4FF7128006F6D00D781F8 /* Main.storyboard */ = {
			isa = PBXVariantGroup;
			children = (
				7AD4FF7228006F6D00D781F8 /* Base */,
			);
			name = Main.storyboard;
			sourceTree = "<group>";
		};
		7AD4FF7628006F6E00D781F8 /* LaunchScreen.storyboard */ = {
			isa = PBXVariantGroup;
			children = (
				7AD4FF7728006F6E00D781F8 /* Base */,
			);
			name = LaunchScreen.storyboard;
			sourceTree = "<group>";
		};
/* End PBXVariantGroup section */

/* Begin XCBuildConfiguration section */
		7AD4FF7A28006F6E00D781F8 /* Debug */ = {
			isa = XCBuildConfiguration;
			buildSettings = {
				ALWAYS_SEARCH_USER_PATHS = NO;
				CLANG_ANALYZER_NONNULL = YES;
				CLANG_ANALYZER_NUMBER_OBJECT_CONVERSION = YES_AGGRESSIVE;
				CLANG_CXX_LANGUAGE_STANDARD = "gnu++17";
				CLANG_ENABLE_MODULES = YES;
				CLANG_ENABLE_OBJC_ARC = YES;
				CLANG_ENABLE_OBJC_WEAK = YES;
				CLANG_WARN_BLOCK_CAPTURE_AUTORELEASING = YES;
				CLANG_WARN_BOOL_CONVERSION = YES;
				CLANG_WARN_COMMA = YES;
				CLANG_WARN_CONSTANT_CONVERSION = YES;
				CLANG_WARN_DEPRECATED_OBJC_IMPLEMENTATIONS = YES;
				CLANG_WARN_DIRECT_OBJC_ISA_USAGE = YES_ERROR;
				CLANG_WARN_DOCUMENTATION_COMMENTS = YES;
				CLANG_WARN_EMPTY_BODY = YES;
				CLANG_WARN_ENUM_CONVERSION = YES;
				CLANG_WARN_INFINITE_RECURSION = YES;
				CLANG_WARN_INT_CONVERSION = YES;
				CLANG_WARN_NON_LITERAL_NULL_CONVERSION = YES;
				CLANG_WARN_OBJC_IMPLICIT_RETAIN_SELF = YES;
				CLANG_WARN_OBJC_LITERAL_CONVERSION = YES;
				CLANG_WARN_OBJC_ROOT_CLASS = YES_ERROR;
				CLANG_WARN_QUOTED_INCLUDE_IN_FRAMEWORK_HEADER = YES;
				CLANG_WARN_RANGE_LOOP_ANALYSIS = YES;
				CLANG_WARN_STRICT_PROTOTYPES = YES;
				CLANG_WARN_SUSPICIOUS_MOVE = YES;
				CLANG_WARN_UNGUARDED_AVAILABILITY = YES_AGGRESSIVE;
				CLANG_WARN_UNREACHABLE_CODE = YES;
				CLANG_WARN__DUPLICATE_METHOD_MATCH = YES;
				COPY_PHASE_STRIP = NO;
				DEBUG_INFORMATION_FORMAT = dwarf;
				ENABLE_STRICT_OBJC_MSGSEND = YES;
				ENABLE_TESTABILITY = YES;
				GCC_C_LANGUAGE_STANDARD = gnu11;
				GCC_DYNAMIC_NO_PIC = NO;
				GCC_NO_COMMON_BLOCKS = YES;
				GCC_OPTIMIZATION_LEVEL = 0;
				GCC_PREPROCESSOR_DEFINITIONS = (
					"DEBUG=1",
					"$(inherited)",
				);
				GCC_WARN_64_TO_32_BIT_CONVERSION = YES;
				GCC_WARN_ABOUT_RETURN_TYPE = YES_ERROR;
				GCC_WARN_UNDECLARED_SELECTOR = YES;
				GCC_WARN_UNINITIALIZED_AUTOS = YES_AGGRESSIVE;
				GCC_WARN_UNUSED_FUNCTION = YES;
				GCC_WARN_UNUSED_VARIABLE = YES;
				IPHONEOS_DEPLOYMENT_TARGET = 15.4;
				MTL_ENABLE_DEBUG_INFO = INCLUDE_SOURCE;
				MTL_FAST_MATH = YES;
				ONLY_ACTIVE_ARCH = YES;
				SDKROOT = iphoneos;
				SWIFT_ACTIVE_COMPILATION_CONDITIONS = DEBUG;
				SWIFT_OPTIMIZATION_LEVEL = "-Onone";
			};
			name = Debug;
		};
		7AD4FF7B28006F6E00D781F8 /* Release */ = {
			isa = XCBuildConfiguration;
			buildSettings = {
				ALWAYS_SEARCH_USER_PATHS = NO;
				CLANG_ANALYZER_NONNULL = YES;
				CLANG_ANALYZER_NUMBER_OBJECT_CONVERSION = YES_AGGRESSIVE;
				CLANG_CXX_LANGUAGE_STANDARD = "gnu++17";
				CLANG_ENABLE_MODULES = YES;
				CLANG_ENABLE_OBJC_ARC = YES;
				CLANG_ENABLE_OBJC_WEAK = YES;
				CLANG_WARN_BLOCK_CAPTURE_AUTORELEASING = YES;
				CLANG_WARN_BOOL_CONVERSION = YES;
				CLANG_WARN_COMMA = YES;
				CLANG_WARN_CONSTANT_CONVERSION = YES;
				CLANG_WARN_DEPRECATED_OBJC_IMPLEMENTATIONS = YES;
				CLANG_WARN_DIRECT_OBJC_ISA_USAGE = YES_ERROR;
				CLANG_WARN_DOCUMENTATION_COMMENTS = YES;
				CLANG_WARN_EMPTY_BODY = YES;
				CLANG_WARN_ENUM_CONVERSION = YES;
				CLANG_WARN_INFINITE_RECURSION = YES;
				CLANG_WARN_INT_CONVERSION = YES;
				CLANG_WARN_NON_LITERAL_NULL_CONVERSION = YES;
				CLANG_WARN_OBJC_IMPLICIT_RETAIN_SELF = YES;
				CLANG_WARN_OBJC_LITERAL_CONVERSION = YES;
				CLANG_WARN_OBJC_ROOT_CLASS = YES_ERROR;
				CLANG_WARN_QUOTED_INCLUDE_IN_FRAMEWORK_HEADER = YES;
				CLANG_WARN_RANGE_LOOP_ANALYSIS = YES;
				CLANG_WARN_STRICT_PROTOTYPES = YES;
				CLANG_WARN_SUSPICIOUS_MOVE = YES;
				CLANG_WARN_UNGUARDED_AVAILABILITY = YES_AGGRESSIVE;
				CLANG_WARN_UNREACHABLE_CODE = YES;
				CLANG_WARN__DUPLICATE_METHOD_MATCH = YES;
				COPY_PHASE_STRIP = NO;
				DEBUG_INFORMATION_FORMAT = "dwarf-with-dsym";
				ENABLE_NS_ASSERTIONS = NO;
				ENABLE_STRICT_OBJC_MSGSEND = YES;
				GCC_C_LANGUAGE_STANDARD = gnu11;
				GCC_NO_COMMON_BLOCKS = YES;
				GCC_WARN_64_TO_32_BIT_CONVERSION = YES;
				GCC_WARN_ABOUT_RETURN_TYPE = YES_ERROR;
				GCC_WARN_UNDECLARED_SELECTOR = YES;
				GCC_WARN_UNINITIALIZED_AUTOS = YES_AGGRESSIVE;
				GCC_WARN_UNUSED_FUNCTION = YES;
				GCC_WARN_UNUSED_VARIABLE = YES;
				IPHONEOS_DEPLOYMENT_TARGET = 15.4;
				MTL_ENABLE_DEBUG_INFO = NO;
				MTL_FAST_MATH = YES;
				SDKROOT = iphoneos;
				SWIFT_COMPILATION_MODE = wholemodule;
				SWIFT_OPTIMIZATION_LEVEL = "-O";
				VALIDATE_PRODUCT = YES;
			};
			name = Release;
		};
		7AD4FF7D28006F6E00D781F8 /* Debug */ = {
			isa = XCBuildConfiguration;
			baseConfigurationReference = 78E93B2A73895E79D3E9EC6A /* Pods-AutoLayout-Test.debug.xcconfig */;
			buildSettings = {
				ASSETCATALOG_COMPILER_APPICON_NAME = AppIcon;
				ASSETCATALOG_COMPILER_GLOBAL_ACCENT_COLOR_NAME = AccentColor;
				CODE_SIGN_STYLE = Automatic;
				CURRENT_PROJECT_VERSION = 1;
				DEVELOPMENT_TEAM = J848DTSBF7;
				GENERATE_INFOPLIST_FILE = YES;
				INFOPLIST_FILE = "AutoLayout-Test/Info.plist";
				INFOPLIST_KEY_UIApplicationSupportsIndirectInputEvents = YES;
				INFOPLIST_KEY_UILaunchStoryboardName = LaunchScreen;
				INFOPLIST_KEY_UIMainStoryboardFile = Main;
				INFOPLIST_KEY_UISupportedInterfaceOrientations_iPad = "UIInterfaceOrientationPortrait UIInterfaceOrientationPortraitUpsideDown UIInterfaceOrientationLandscapeLeft UIInterfaceOrientationLandscapeRight";
				INFOPLIST_KEY_UISupportedInterfaceOrientations_iPhone = "UIInterfaceOrientationPortrait UIInterfaceOrientationLandscapeLeft UIInterfaceOrientationLandscapeRight";
				LD_RUNPATH_SEARCH_PATHS = (
					"$(inherited)",
					"@executable_path/Frameworks",
				);
				MARKETING_VERSION = 1.0;
				PRODUCT_BUNDLE_IDENTIFIER = "com.lagrange1813.AutoLayout-Test";
				PRODUCT_NAME = "$(TARGET_NAME)";
				SWIFT_EMIT_LOC_STRINGS = YES;
				SWIFT_VERSION = 5.0;
				TARGETED_DEVICE_FAMILY = "1,2";
			};
			name = Debug;
		};
		7AD4FF7E28006F6E00D781F8 /* Release */ = {
			isa = XCBuildConfiguration;
			baseConfigurationReference = 1DFCF342103E9A688AE8A8B4 /* Pods-AutoLayout-Test.release.xcconfig */;
			buildSettings = {
				ASSETCATALOG_COMPILER_APPICON_NAME = AppIcon;
				ASSETCATALOG_COMPILER_GLOBAL_ACCENT_COLOR_NAME = AccentColor;
				CODE_SIGN_STYLE = Automatic;
				CURRENT_PROJECT_VERSION = 1;
				DEVELOPMENT_TEAM = J848DTSBF7;
				GENERATE_INFOPLIST_FILE = YES;
				INFOPLIST_FILE = "AutoLayout-Test/Info.plist";
				INFOPLIST_KEY_UIApplicationSupportsIndirectInputEvents = YES;
				INFOPLIST_KEY_UILaunchStoryboardName = LaunchScreen;
				INFOPLIST_KEY_UIMainStoryboardFile = Main;
				INFOPLIST_KEY_UISupportedInterfaceOrientations_iPad = "UIInterfaceOrientationPortrait UIInterfaceOrientationPortraitUpsideDown UIInterfaceOrientationLandscapeLeft UIInterfaceOrientationLandscapeRight";
				INFOPLIST_KEY_UISupportedInterfaceOrientations_iPhone = "UIInterfaceOrientationPortrait UIInterfaceOrientationLandscapeLeft UIInterfaceOrientationLandscapeRight";
				LD_RUNPATH_SEARCH_PATHS = (
					"$(inherited)",
					"@executable_path/Frameworks",
				);
				MARKETING_VERSION = 1.0;
				PRODUCT_BUNDLE_IDENTIFIER = "com.lagrange1813.AutoLayout-Test";
				PRODUCT_NAME = "$(TARGET_NAME)";
				SWIFT_EMIT_LOC_STRINGS = YES;
				SWIFT_VERSION = 5.0;
				TARGETED_DEVICE_FAMILY = "1,2";
			};
			name = Release;
		};
/* End XCBuildConfiguration section */

/* Begin XCConfigurationList section */
		7AD4FF6328006F6D00D781F8 /* Build configuration list for PBXProject "AutoLayout-Test" */ = {
			isa = XCConfigurationList;
			buildConfigurations = (
				7AD4FF7A28006F6E00D781F8 /* Debug */,
				7AD4FF7B28006F6E00D781F8 /* Release */,
			);
			defaultConfigurationIsVisible = 0;
			defaultConfigurationName = Release;
		};
		7AD4FF7C28006F6E00D781F8 /* Build configuration list for PBXNativeTarget "AutoLayout-Test" */ = {
			isa = XCConfigurationList;
			buildConfigurations = (
				7AD4FF7D28006F6E00D781F8 /* Debug */,
				7AD4FF7E28006F6E00D781F8 /* Release */,
			);
			defaultConfigurationIsVisible = 0;
			defaultConfigurationName = Release;
		};
/* End XCConfigurationList section */
	};
	rootObject = 7AD4FF6028006F6D00D781F8 /* Project object */;
}
