{
  "pins" : [
    {
      "identity" : "snapkit",
      "kind" : "remoteSourceControl",
      "location" : "git@gitee.com:lagrange1813/SnapKit.git",
      "state" : {
        "revision" : "d458564516e5676af9c70b4f4b2a9178294f1bc6",
        "version" : "5.0.1"
      }
    },
    {
      "identity" : "swift-argument-parser",
      "kind" : "remoteSourceControl",
      "location" : "git@gitee.com:lagrange1813/swift-argument-parser.git",
      "state" : {
        "revision" : "f3c9084a71ef4376f2fabbdf1d3d90a49f1fabdb",
        "version" : "1.1.2"
      }
    },
    {
      "identity" : "swift-cmark",
      "kind" : "remoteSourceControl",
      "location" : "git@gitee.com:lagrange1813/swift-cmark.git",
      "state" : {
        "branch" : "gfm",
        "revision" : "792c1c3326327515ce9bf64c44196b7f4daab9a6"
      }
    },
    {
      "identity" : "swift-docc-plugin",
      "kind" : "remoteSourceControl",
      "location" : "git@gitee.com:lagrange1813/swift-docc-plugin.git",
      "state" : {
        "revision" : "3303b164430d9a7055ba484c8ead67a52f7b74f6",
        "version" : "1.0.0"
      }
    },
    {
      "identity" : "swift-markdown",
      "kind" : "remoteSourceControl",
      "location" : "git@gitee.com:lagrange1813/swift-markdown.git",
      "state" : {
        "branch" : "main",
        "revision" : "36cf89e36e94b025dbe37d82fe2a7da3f39d4204"
      }
    }
  ],
  "version" : 2
}
