// !$*UTF8*$!
{
	archiveVersion = 1;
	classes = {
	};
	objectVersion = 55;
	objects = {

/* Begin PBXBuildFile section */
		7A001586281D43D80087D1C8 /* AppDelegate.swift in Sources */ = {isa = PBXBuildFile; fileRef = 7A001585281D43D80087D1C8 /* AppDelegate.swift */; };
		7A001588281D43D80087D1C8 /* SceneDelegate.swift in Sources */ = {isa = PBXBuildFile; fileRef = 7A001587281D43D80087D1C8 /* SceneDelegate.swift */; };
		7A00158A281D43D80087D1C8 /* ViewController.swift in Sources */ = {isa = PBXBuildFile; fileRef = 7A001589281D43D80087D1C8 /* ViewController.swift */; };
		7A00158F281D43DB0087D1C8 /* Assets.xcassets in Resources */ = {isa = PBXBuildFile; fileRef = 7A00158E281D43DB0087D1C8 /* Assets.xcassets */; };
		7A001592281D43DB0087D1C8 /* LaunchScreen.storyboard in Resources */ = {isa = PBXBuildFile; fileRef = 7A001590281D43DB0087D1C8 /* LaunchScreen.storyboard */; };
		7A00159A281D548E0087D1C8 /* ImageManager.swift in Sources */ = {isa = PBXBuildFile; fileRef = 7A001599281D548E0087D1C8 /* ImageManager.swift */; };
		8AC8BF6D5D83337AB5D3CA6B /* Pods_PhotoSelecter.framework in Frameworks */ = {isa = PBXBuildFile; fileRef = 84C7BEF0EE631D46E0314216 /* Pods_PhotoSelecter.framework */; };
/* End PBXBuildFile section */

/* Begin PBXFileReference section */
		1B5A7EC7C5FCB4AD1AE9361E /* Pods-PhotoSelecter.release.xcconfig */ = {isa = PBXFileReference; includeInIndex = 1; lastKnownFileType = text.xcconfig; name = "Pods-PhotoSelecter.release.xcconfig"; path = "Target Support Files/Pods-PhotoSelecter/Pods-PhotoSelecter.release.xcconfig"; sourceTree = "<group>"; };
		534EFC1AE17C6A0E8F52E979 /* Pods-PhotoSelecter.debug.xcconfig */ = {isa = PBXFileReference; includeInIndex = 1; lastKnownFileType = text.xcconfig; name = "Pods-PhotoSelecter.debug.xcconfig"; path = "Target Support Files/Pods-PhotoSelecter/Pods-PhotoSelecter.debug.xcconfig"; sourceTree = "<group>"; };
		7A001582281D43D80087D1C8 /* PhotoSelecter.app */ = {isa = PBXFileReference; explicitFileType = wrapper.application; includeInIndex = 0; path = PhotoSelecter.app; sourceTree = BUILT_PRODUCTS_DIR; };
		7A001585281D43D80087D1C8 /* AppDelegate.swift */ = {isa = PBXFileReference; lastKnownFileType = sourcecode.swift; path = AppDelegate.swift; sourceTree = "<group>"; };
		7A001587281D43D80087D1C8 /* SceneDelegate.swift */ = {isa = PBXFileReference; lastKnownFileType = sourcecode.swift; path = SceneDelegate.swift; sourceTree = "<group>"; };
		7A001589281D43D80087D1C8 /* ViewController.swift */ = {isa = PBXFileReference; lastKnownFileType = sourcecode.swift; path = ViewController.swift; sourceTree = "<group>"; };
		7A00158E281D43DB0087D1C8 /* Assets.xcassets */ = {isa = PBXFileReference; lastKnownFileType = folder.assetcatalog; path = Assets.xcassets; sourceTree = "<group>"; };
		7A001591281D43DB0087D1C8 /* Base */ = {isa = PBXFileReference; lastKnownFileType = file.storyboard; name = Base; path = Base.lproj/LaunchScreen.storyboard; sourceTree = "<group>"; };
		7A001593281D43DB0087D1C8 /* Info.plist */ = {isa = PBXFileReference; lastKnownFileType = text.plist.xml; path = Info.plist; sourceTree = "<group>"; };
		7A001599281D548E0087D1C8 /* ImageManager.swift */ = {isa = PBXFileReference; lastKnownFileType = sourcecode.swift; path = ImageManager.swift; sourceTree = "<group>"; };
		84C7BEF0EE631D46E0314216 /* Pods_PhotoSelecter.framework */ = {isa = PBXFileReference; explicitFileType = wrapper.framework; includeInIndex = 0; path = Pods_PhotoSelecter.framework; sourceTree = BUILT_PRODUCTS_DIR; };
/* End PBXFileReference section */

/* Begin PBXFrameworksBuildPhase section */
		7A00157F281D43D80087D1C8 /* Frameworks */ = {
			isa = PBXFrameworksBuildPhase;
			buildActionMask = 2147483647;
			files = (
				8AC8BF6D5D83337AB5D3CA6B /* Pods_PhotoSelecter.framework in Frameworks */,
			);
			runOnlyForDeploymentPostprocessing = 0;
		};
/* End PBXFrameworksBuildPhase section */

/* Begin PBXGroup section */
		3B67B829E10781E901DE06B2 /* Pods */ = {
			isa = PBXGroup;
			children = (
				534EFC1AE17C6A0E8F52E979 /* Pods-PhotoSelecter.debug.xcconfig */,
				1B5A7EC7C5FCB4AD1AE9361E /* Pods-PhotoSelecter.release.xcconfig */,
			);
			path = Pods;
			sourceTree = "<group>";
		};
		4D81A70F0763231F85AE1655 /* Frameworks */ = {
			isa = PBXGroup;
			children = (
				84C7BEF0EE631D46E0314216 /* Pods_PhotoSelecter.framework */,
			);
			name = Frameworks;
			sourceTree = "<group>";
		};
		7A001579281D43D80087D1C8 = {
			isa = PBXGroup;
			children = (
				7A001584281D43D80087D1C8 /* PhotoSelecter */,
				7A001583281D43D80087D1C8 /* Products */,
				3B67B829E10781E901DE06B2 /* Pods */,
				4D81A70F0763231F85AE1655 /* Frameworks */,
			);
			sourceTree = "<group>";
		};
		7A001583281D43D80087D1C8 /* Products */ = {
			isa = PBXGroup;
			children = (
				7A001582281D43D80087D1C8 /* PhotoSelecter.app */,
			);
			name = Products;
			sourceTree = "<group>";
		};
		7A001584281D43D80087D1C8 /* PhotoSelecter */ = {
			isa = PBXGroup;
			children = (
				7A001585281D43D80087D1C8 /* AppDelegate.swift */,
				7A001599281D548E0087D1C8 /* ImageManager.swift */,
				7A001587281D43D80087D1C8 /* SceneDelegate.swift */,
				7A001589281D43D80087D1C8 /* ViewController.swift */,
				7A00158E281D43DB0087D1C8 /* Assets.xcassets */,
				7A001590281D43DB0087D1C8 /* LaunchScreen.storyboard */,
				7A001593281D43DB0087D1C8 /* Info.plist */,
			);
			path = PhotoSelecter;
			sourceTree = "<group>";
		};
/* End PBXGroup section */

/* Begin PBXNativeTarget section */
		7A001581281D43D80087D1C8 /* PhotoSelecter */ = {
			isa = PBXNativeTarget;
			buildConfigurationList = 7A001596281D43DB0087D1C8 /* Build configuration list for PBXNativeTarget "PhotoSelecter" */;
			buildPhases = (
				78FE52C1338839E3296127D7 /* [CP] Check Pods Manifest.lock */,
				7A00157E281D43D80087D1C8 /* Sources */,
				7A00157F281D43D80087D1C8 /* Frameworks */,
				7A001580281D43D80087D1C8 /* Resources */,
				1540DECDA6EA824C6131D64F /* [CP] Embed Pods Frameworks */,
			);
			buildRules = (
			);
			dependencies = (
			);
			name = PhotoSelecter;
			productName = PhotoSelecter;
			productReference = 7A001582281D43D80087D1C8 /* PhotoSelecter.app */;
			productType = "com.apple.product-type.application";
		};
/* End PBXNativeTarget section */

/* Begin PBXProject section */
		7A00157A281D43D80087D1C8 /* Project object */ = {
			isa = PBXProject;
			attributes = {
				BuildIndependentTargetsInParallel = 1;
				LastSwiftUpdateCheck = 1330;
				LastUpgradeCheck = 1330;
				TargetAttributes = {
					7A001581281D43D80087D1C8 = {
						CreatedOnToolsVersion = 13.3.1;
					};
				};
			};
			buildConfigurationList = 7A00157D281D43D80087D1C8 /* Build configuration list for PBXProject "PhotoSelecter" */;
			compatibilityVersion = "Xcode 13.0";
			developmentRegion = en;
			hasScannedForEncodings = 0;
			knownRegions = (
				en,
				Base,
			);
			mainGroup = 7A001579281D43D80087D1C8;
			productRefGroup = 7A001583281D43D80087D1C8 /* Products */;
			projectDirPath = "";
			projectRoot = "";
			targets = (
				7A001581281D43D80087D1C8 /* PhotoSelecter */,
			);
		};
/* End PBXProject section */

/* Begin PBXResourcesBuildPhase section */
		7A001580281D43D80087D1C8 /* Resources */ = {
			isa = PBXResourcesBuildPhase;
			buildActionMask = 2147483647;
			files = (
				7A001592281D43DB0087D1C8 /* LaunchScreen.storyboard in Resources */,
				7A00158F281D43DB0087D1C8 /* Assets.xcassets in Resources */,
			);
			runOnlyForDeploymentPostprocessing = 0;
		};
/* End PBXResourcesBuildPhase section */

/* Begin PBXShellScriptBuildPhase section */
		1540DECDA6EA824C6131D64F /* [CP] Embed Pods Frameworks */ = {
			isa = PBXShellScriptBuildPhase;
			buildActionMask = 2147483647;
			files = (
			);
			inputFileListPaths = (
				"${PODS_ROOT}/Target Support Files/Pods-PhotoSelecter/Pods-PhotoSelecter-frameworks-${CONFIGURATION}-input-files.xcfilelist",
			);
			name = "[CP] Embed Pods Frameworks";
			outputFileListPaths = (
				"${PODS_ROOT}/Target Support Files/Pods-PhotoSelecter/Pods-PhotoSelecter-frameworks-${CONFIGURATION}-output-files.xcfilelist",
			);
			runOnlyForDeploymentPostprocessing = 0;
			shellPath = /bin/sh;
			shellScript = "\"${PODS_ROOT}/Target Support Files/Pods-PhotoSelecter/Pods-PhotoSelecter-frameworks.sh\"\n";
			showEnvVarsInLog = 0;
		};
		78FE52C1338839E3296127D7 /* [CP] Check Pods Manifest.lock */ = {
			isa = PBXShellScriptBuildPhase;
			buildActionMask = 2147483647;
			files = (
			);
			inputFileListPaths = (
			);
			inputPaths = (
				"${PODS_PODFILE_DIR_PATH}/Podfile.lock",
				"${PODS_ROOT}/Manifest.lock",
			);
			name = "[CP] Check Pods Manifest.lock";
			outputFileListPaths = (
			);
			outputPaths = (
				"$(DERIVED_FILE_DIR)/Pods-PhotoSelecter-checkManifestLockResult.txt",
			);
			runOnlyForDeploymentPostprocessing = 0;
			shellPath = /bin/sh;
			shellScript = "diff \"${PODS_PODFILE_DIR_PATH}/Podfile.lock\" \"${PODS_ROOT}/Manifest.lock\" > /dev/null\nif [ $? != 0 ] ; then\n    # print error to STDERR\n    echo \"error: The sandbox is not in sync with the Podfile.lock. Run 'pod install' or update your CocoaPods installation.\" >&2\n    exit 1\nfi\n# This output is used by Xcode 'outputs' to avoid re-running this script phase.\necho \"SUCCESS\" > \"${SCRIPT_OUTPUT_FILE_0}\"\n";
			showEnvVarsInLog = 0;
		};
/* End PBXShellScriptBuildPhase section */

/* Begin PBXSourcesBuildPhase section */
		7A00157E281D43D80087D1C8 /* Sources */ = {
			isa = PBXSourcesBuildPhase;
			buildActionMask = 2147483647;
			files = (
				7A00158A281D43D80087D1C8 /* ViewController.swift in Sources */,
				7A001586281D43D80087D1C8 /* AppDelegate.swift in Sources */,
				7A001588281D43D80087D1C8 /* SceneDelegate.swift in Sources */,
				7A00159A281D548E0087D1C8 /* ImageManager.swift in Sources */,
			);
			runOnlyForDeploymentPostprocessing = 0;
		};
/* End PBXSourcesBuildPhase section */

/* Begin PBXVariantGroup section */
		7A001590281D43DB0087D1C8 /* LaunchScreen.storyboard */ = {
			isa = PBXVariantGroup;
			children = (
				7A001591281D43DB0087D1C8 /* Base */,
			);
			name = LaunchScreen.storyboard;
			sourceTree = "<group>";
		};
/* End PBXVariantGroup section */

/* Begin XCBuildConfiguration section */
		7A001594281D43DB0087D1C8 /* Debug */ = {
			isa = XCBuildConfiguration;
			buildSettings = {
				ALWAYS_SEARCH_USER_PATHS = NO;
				CLANG_ANALYZER_NONNULL = YES;
				CLANG_ANALYZER_NUMBER_OBJECT_CONVERSION = YES_AGGRESSIVE;
				CLANG_CXX_LANGUAGE_STANDARD = "gnu++17";
				CLANG_ENABLE_MODULES = YES;
				CLANG_ENABLE_OBJC_ARC = YES;
				CLANG_ENABLE_OBJC_WEAK = YES;
				CLANG_WARN_BLOCK_CAPTURE_AUTORELEASING = YES;
				CLANG_WARN_BOOL_CONVERSION = YES;
				CLANG_WARN_COMMA = YES;
				CLANG_WARN_CONSTANT_CONVERSION = YES;
				CLANG_WARN_DEPRECATED_OBJC_IMPLEMENTATIONS = YES;
				CLANG_WARN_DIRECT_OBJC_ISA_USAGE = YES_ERROR;
				CLANG_WARN_DOCUMENTATION_COMMENTS = YES;
				CLANG_WARN_EMPTY_BODY = YES;
				CLANG_WARN_ENUM_CONVERSION = YES;
				CLANG_WARN_INFINITE_RECURSION = YES;
				CLANG_WARN_INT_CONVERSION = YES;
				CLANG_WARN_NON_LITERAL_NULL_CONVERSION = YES;
				CLANG_WARN_OBJC_IMPLICIT_RETAIN_SELF = YES;
				CLANG_WARN_OBJC_LITERAL_CONVERSION = YES;
				CLANG_WARN_OBJC_ROOT_CLASS = YES_ERROR;
				CLANG_WARN_QUOTED_INCLUDE_IN_FRAMEWORK_HEADER = YES;
				CLANG_WARN_RANGE_LOOP_ANALYSIS = YES;
				CLANG_WARN_STRICT_PROTOTYPES = YES;
				CLANG_WARN_SUSPICIOUS_MOVE = YES;
				CLANG_WARN_UNGUARDED_AVAILABILITY = YES_AGGRESSIVE;
				CLANG_WARN_UNREACHABLE_CODE = YES;
				CLANG_WARN__DUPLICATE_METHOD_MATCH = YES;
				COPY_PHASE_STRIP = NO;
				DEBUG_INFORMATION_FORMAT = dwarf;
				ENABLE_STRICT_OBJC_MSGSEND = YES;
				ENABLE_TESTABILITY = YES;
				GCC_C_LANGUAGE_STANDARD = gnu11;
				GCC_DYNAMIC_NO_PIC = NO;
				GCC_NO_COMMON_BLOCKS = YES;
				GCC_OPTIMIZATION_LEVEL = 0;
				GCC_PREPROCESSOR_DEFINITIONS = (
					"DEBUG=1",
					"$(inherited)",
				);
				GCC_WARN_64_TO_32_BIT_CONVERSION = YES;
				GCC_WARN_ABOUT_RETURN_TYPE = YES_ERROR;
				GCC_WARN_UNDECLARED_SELECTOR = YES;
				GCC_WARN_UNINITIALIZED_AUTOS = YES_AGGRESSIVE;
				GCC_WARN_UNUSED_FUNCTION = YES;
				GCC_WARN_UNUSED_VARIABLE = YES;
				IPHONEOS_DEPLOYMENT_TARGET = 13.0;
				MTL_ENABLE_DEBUG_INFO = INCLUDE_SOURCE;
				MTL_FAST_MATH = YES;
				ONLY_ACTIVE_ARCH = YES;
				SDKROOT = iphoneos;
				SWIFT_ACTIVE_COMPILATION_CONDITIONS = DEBUG;
				SWIFT_OPTIMIZATION_LEVEL = "-Onone";
			};
			name = Debug;
		};
		7A001595281D43DB0087D1C8 /* Release */ = {
			isa = XCBuildConfiguration;
			buildSettings = {
				ALWAYS_SEARCH_USER_PATHS = NO;
				CLANG_ANALYZER_NONNULL = YES;
				CLANG_ANALYZER_NUMBER_OBJECT_CONVERSION = YES_AGGRESSIVE;
				CLANG_CXX_LANGUAGE_STANDARD = "gnu++17";
				CLANG_ENABLE_MODULES = YES;
				CLANG_ENABLE_OBJC_ARC = YES;
				CLANG_ENABLE_OBJC_WEAK = YES;
				CLANG_WARN_BLOCK_CAPTURE_AUTORELEASING = YES;
				CLANG_WARN_BOOL_CONVERSION = YES;
				CLANG_WARN_COMMA = YES;
				CLANG_WARN_CONSTANT_CONVERSION = YES;
				CLANG_WARN_DEPRECATED_OBJC_IMPLEMENTATIONS = YES;
				CLANG_WARN_DIRECT_OBJC_ISA_USAGE = YES_ERROR;
				CLANG_WARN_DOCUMENTATION_COMMENTS = YES;
				CLANG_WARN_EMPTY_BODY = YES;
				CLANG_WARN_ENUM_CONVERSION = YES;
				CLANG_WARN_INFINITE_RECURSION = YES;
				CLANG_WARN_INT_CONVERSION = YES;
				CLANG_WARN_NON_LITERAL_NULL_CONVERSION = YES;
				CLANG_WARN_OBJC_IMPLICIT_RETAIN_SELF = YES;
				CLANG_WARN_OBJC_LITERAL_CONVERSION = YES;
				CLANG_WARN_OBJC_ROOT_CLASS = YES_ERROR;
				CLANG_WARN_QUOTED_INCLUDE_IN_FRAMEWORK_HEADER = YES;
				CLANG_WARN_RANGE_LOOP_ANALYSIS = YES;
				CLANG_WARN_STRICT_PROTOTYPES = YES;
				CLANG_WARN_SUSPICIOUS_MOVE = YES;
				CLANG_WARN_UNGUARDED_AVAILABILITY = YES_AGGRESSIVE;
				CLANG_WARN_UNREACHABLE_CODE = YES;
				CLANG_WARN__DUPLICATE_METHOD_MATCH = YES;
				COPY_PHASE_STRIP = NO;
				DEBUG_INFORMATION_FORMAT = "dwarf-with-dsym";
				ENABLE_NS_ASSERTIONS = NO;
				ENABLE_STRICT_OBJC_MSGSEND = YES;
				GCC_C_LANGUAGE_STANDARD = gnu11;
				GCC_NO_COMMON_BLOCKS = YES;
				GCC_WARN_64_TO_32_BIT_CONVERSION = YES;
				GCC_WARN_ABOUT_RETURN_TYPE = YES_ERROR;
				GCC_WARN_UNDECLARED_SELECTOR = YES;
				GCC_WARN_UNINITIALIZED_AUTOS = YES_AGGRESSIVE;
				GCC_WARN_UNUSED_FUNCTION = YES;
				GCC_WARN_UNUSED_VARIABLE = YES;
				IPHONEOS_DEPLOYMENT_TARGET = 13.0;
				MTL_ENABLE_DEBUG_INFO = NO;
				MTL_FAST_MATH = YES;
				SDKROOT = iphoneos;
				SWIFT_COMPILATION_MODE = wholemodule;
				SWIFT_OPTIMIZATION_LEVEL = "-O";
				VALIDATE_PRODUCT = YES;
			};
			name = Release;
		};
		7A001597281D43DB0087D1C8 /* Debug */ = {
			isa = XCBuildConfiguration;
			baseConfigurationReference = 534EFC1AE17C6A0E8F52E979 /* Pods-PhotoSelecter.debug.xcconfig */;
			buildSettings = {
				ASSETCATALOG_COMPILER_APPICON_NAME = AppIcon;
				ASSETCATALOG_COMPILER_GLOBAL_ACCENT_COLOR_NAME = AccentColor;
				CODE_SIGN_STYLE = Automatic;
				CURRENT_PROJECT_VERSION = 1;
				DEVELOPMENT_TEAM = J848DTSBF7;
				GENERATE_INFOPLIST_FILE = YES;
				INFOPLIST_FILE = PhotoSelecter/Info.plist;
				INFOPLIST_KEY_UIApplicationSupportsIndirectInputEvents = YES;
				INFOPLIST_KEY_UILaunchStoryboardName = LaunchScreen;
				INFOPLIST_KEY_UISupportedInterfaceOrientations_iPad = "UIInterfaceOrientationPortrait UIInterfaceOrientationPortraitUpsideDown UIInterfaceOrientationLandscapeLeft UIInterfaceOrientationLandscapeRight";
				INFOPLIST_KEY_UISupportedInterfaceOrientations_iPhone = "UIInterfaceOrientationPortrait UIInterfaceOrientationLandscapeLeft UIInterfaceOrientationLandscapeRight";
				IPHONEOS_DEPLOYMENT_TARGET = 13.0;
				LD_RUNPATH_SEARCH_PATHS = (
					"$(inherited)",
					"@executable_path/Frameworks",
				);
				MARKETING_VERSION = 1.0;
				PRODUCT_BUNDLE_IDENTIFIER = com.lagrange1813.PhotoSelecter;
				PRODUCT_NAME = "$(TARGET_NAME)";
				SWIFT_EMIT_LOC_STRINGS = YES;
				SWIFT_VERSION = 5.0;
				TARGETED_DEVICE_FAMILY = 1;
			};
			name = Debug;
		};
		7A001598281D43DB0087D1C8 /* Release */ = {
			isa = XCBuildConfiguration;
			baseConfigurationReference = 1B5A7EC7C5FCB4AD1AE9361E /* Pods-PhotoSelecter.release.xcconfig */;
			buildSettings = {
				ASSETCATALOG_COMPILER_APPICON_NAME = AppIcon;
				ASSETCATALOG_COMPILER_GLOBAL_ACCENT_COLOR_NAME = AccentColor;
				CODE_SIGN_STYLE = Automatic;
				CURRENT_PROJECT_VERSION = 1;
				DEVELOPMENT_TEAM = J848DTSBF7;
				GENERATE_INFOPLIST_FILE = YES;
				INFOPLIST_FILE = PhotoSelecter/Info.plist;
				INFOPLIST_KEY_UIApplicationSupportsIndirectInputEvents = YES;
				INFOPLIST_KEY_UILaunchStoryboardName = LaunchScreen;
				INFOPLIST_KEY_UISupportedInterfaceOrientations_iPad = "UIInterfaceOrientationPortrait UIInterfaceOrientationPortraitUpsideDown UIInterfaceOrientationLandscapeLeft UIInterfaceOrientationLandscapeRight";
				INFOPLIST_KEY_UISupportedInterfaceOrientations_iPhone = "UIInterfaceOrientationPortrait UIInterfaceOrientationLandscapeLeft UIInterfaceOrientationLandscapeRight";
				IPHONEOS_DEPLOYMENT_TARGET = 13.0;
				LD_RUNPATH_SEARCH_PATHS = (
					"$(inherited)",
					"@executable_path/Frameworks",
				);
				MARKETING_VERSION = 1.0;
				PRODUCT_BUNDLE_IDENTIFIER = com.lagrange1813.PhotoSelecter;
				PRODUCT_NAME = "$(TARGET_NAME)";
				SWIFT_EMIT_LOC_STRINGS = YES;
				SWIFT_VERSION = 5.0;
				TARGETED_DEVICE_FAMILY = 1;
			};
			name = Release;
		};
/* End XCBuildConfiguration section */

/* Begin XCConfigurationList section */
		7A00157D281D43D80087D1C8 /* Build configuration list for PBXProject "PhotoSelecter" */ = {
			isa = XCConfigurationList;
			buildConfigurations = (
				7A001594281D43DB0087D1C8 /* Debug */,
				7A001595281D43DB0087D1C8 /* Release */,
			);
			defaultConfigurationIsVisible = 0;
			defaultConfigurationName = Release;
		};
		7A001596281D43DB0087D1C8 /* Build configuration list for PBXNativeTarget "PhotoSelecter" */ = {
			isa = XCConfigurationList;
			buildConfigurations = (
				7A001597281D43DB0087D1C8 /* Debug */,
				7A001598281D43DB0087D1C8 /* Release */,
			);
			defaultConfigurationIsVisible = 0;
			defaultConfigurationName = Release;
		};
/* End XCConfigurationList section */
	};
	rootObject = 7A00157A281D43D80087D1C8 /* Project object */;
}
