<?xml version="1.0" encoding="UTF-8"?>
<Scheme
   version = "1.3">
   <BuildAction>
      <BuildActionEntries>
         <BuildActionEntry
            buildForRunning = "YES">
            <BuildableReference
               BuildableIdentifier = "primary"
               BlueprintIdentifier = "7ACCC10228290FE600094374"
               BuildableName = "AudioAcquisition.app"
               BlueprintName = "AudioAcquisition"
               ReferencedContainer = "container:AudioAcquisition.xcodeproj">
            </BuildableReference>
         </BuildActionEntry>
      </BuildActionEntries>
   </BuildAction>
   <LaunchAction
      useCustomWorkingDirectory = "NO"
      buildConfiguration = "Debug"
      allowLocationSimulation = "YES">
      <BuildableProductRunnable>
         <BuildableReference
            BuildableIdentifier = "primary"
            BlueprintIdentifier = "7ACCC10228290FE600094374"
            BuildableName = "AudioAcquisition.app"
            BlueprintName = "AudioAcquisition"
            ReferencedContainer = "container:AudioAcquisition.xcodeproj">
         </BuildableReference>
      </BuildableProductRunnable>
   </LaunchAction>
</Scheme>
